// !$*UTF8*$!
{
	archiveVersion = 1;
	classes = {
	};
	objectVersion = 60;
	objects = {

/* Begin PBXBuildFile section */
		F616A5C62CA98C4900400B0A /* AppDelegate.swift in Sources */ = {isa = PBXBuildFile; fileRef = F616A5C52CA98C4900400B0A /* AppDelegate.swift */; };
		F616A5C82CA98C4900400B0A /* SceneDelegate.swift in Sources */ = {isa = PBXBuildFile; fileRef = F616A5C72CA98C4900400B0A /* SceneDelegate.swift */; };
		F616A5CA2CA98C4900400B0A /* ViewController.swift in Sources */ = {isa = PBXBuildFile; fileRef = F616A5C92CA98C4900400B0A /* ViewController.swift */; };
		F616A5CD2CA98C4900400B0A /* Base in Resources */ = {isa = PBXBuildFile; fileRef = F616A5CC2CA98C4900400B0A /* Base */; };
		F616A5CF2CA98C4B00400B0A /* Assets.xcassets in Resources */ = {isa = PBXBuildFile; fileRef = F616A5CE2CA98C4B00400B0A /* Assets.xcassets */; };
		F616A5D22CA98C4B00400B0A /* Base in Resources */ = {isa = PBXBuildFile; fileRef = F616A5D12CA98C4B00400B0A /* Base */; };
		F616A5DD2CA98C4C00400B0A /* FamilyGuyBookTests.swift in Sources */ = {isa = PBXBuildFile; fileRef = F616A5DC2CA98C4C00400B0A /* FamilyGuyBookTests.swift */; };
		F616A5E72CA98C4C00400B0A /* FamilyGuyBookUITests.swift in Sources */ = {isa = PBXBuildFile; fileRef = F616A5E62CA98C4C00400B0A /* FamilyGuyBookUITests.swift */; };
		F616A5E92CA98C4C00400B0A /* FamilyGuyBookUITestsLaunchTests.swift in Sources */ = {isa = PBXBuildFile; fileRef = F616A5E82CA98C4C00400B0A /* FamilyGuyBookUITestsLaunchTests.swift */; };
		F658BDC42CA9D5D100F26B9D /* detailsVC.swift in Sources */ = {isa = PBXBuildFile; fileRef = F658BDC32CA9D5D100F26B9D /* detailsVC.swift */; };
		F658BDC62CA9E6BA00F26B9D /* familyGuy.swift in Sources */ = {isa = PBXBuildFile; fileRef = F658BDC52CA9E6BA00F26B9D /* familyGuy.swift */; };
/* End PBXBuildFile section */

/* Begin PBXContainerItemProxy section */
		F616A5D92CA98C4C00400B0A /* PBXContainerItemProxy */ = {
			isa = PBXContainerItemProxy;
			containerPortal = F616A5BA2CA98C4900400B0A /* Project object */;
			proxyType = 1;
			remoteGlobalIDString = F616A5C12CA98C4900400B0A;
			remoteInfo = FamilyGuyBook;
		};
		F616A5E32CA98C4C00400B0A /* PBXContainerItemProxy */ = {
			isa = PBXContainerItemProxy;
			containerPortal = F616A5BA2CA98C4900400B0A /* Project object */;
			proxyType = 1;
			remoteGlobalIDString = F616A5C12CA98C4900400B0A;
			remoteInfo = FamilyGuyBook;
		};
/* End PBXContainerItemProxy section */

/* Begin PBXFileReference section */
		F616A5C22CA98C4900400B0A /* FamilyGuyBook.app */ = {isa = PBXFileReference; explicitFileType = wrapper.application; includeInIndex = 0; path = FamilyGuyBook.app; sourceTree = BUILT_PRODUCTS_DIR; };
		F616A5C52CA98C4900400B0A /* AppDelegate.swift */ = {isa = PBXFileReference; lastKnownFileType = sourcecode.swift; path = AppDelegate.swift; sourceTree = "<group>"; };
		F616A5C72CA98C4900400B0A /* SceneDelegate.swift */ = {isa = PBXFileReference; lastKnownFileType = sourcecode.swift; path = SceneDelegate.swift; sourceTree = "<group>"; };
		F616A5C92CA98C4900400B0A /* ViewController.swift */ = {isa = PBXFileReference; lastKnownFileType = sourcecode.swift; path = ViewController.swift; sourceTree = "<group>"; };
		F616A5CC2CA98C4900400B0A /* Base */ = {isa = PBXFileReference; lastKnownFileType = file.storyboard; name = Base; path = Base.lproj/Main.storyboard; sourceTree = "<group>"; };
		F616A5CE2CA98C4B00400B0A /* Assets.xcassets */ = {isa = PBXFileReference; lastKnownFileType = folder.assetcatalog; path = Assets.xcassets; sourceTree = "<group>"; };
		F616A5D12CA98C4B00400B0A /* Base */ = {isa = PBXFileReference; lastKnownFileType = file.storyboard; name = Base; path = Base.lproj/LaunchScreen.storyboard; sourceTree = "<group>"; };
		F616A5D32CA98C4B00400B0A /* Info.plist */ = {isa = PBXFileReference; lastKnownFileType = text.plist.xml; path = Info.plist; sourceTree = "<group>"; };
		F616A5D82CA98C4C00400B0A /* FamilyGuyBookTests.xctest */ = {isa = PBXFileReference; explicitFileType = wrapper.cfbundle; includeInIndex = 0; path = FamilyGuyBookTests.xctest; sourceTree = BUILT_PRODUCTS_DIR; };
		F616A5DC2CA98C4C00400B0A /* FamilyGuyBookTests.swift */ = {isa = PBXFileReference; lastKnownFileType = sourcecode.swift; path = FamilyGuyBookTests.swift; sourceTree = "<group>"; };
		F616A5E22CA98C4C00400B0A /* FamilyGuyBookUITests.xctest */ = {isa = PBXFileReference; explicitFileType = wrapper.cfbundle; includeInIndex = 0; path = FamilyGuyBookUITests.xctest; sourceTree = BUILT_PRODUCTS_DIR; };
		F616A5E62CA98C4C00400B0A /* FamilyGuyBookUITests.swift */ = {isa = PBXFileReference; lastKnownFileType = sourcecode.swift; path = FamilyGuyBookUITests.swift; sourceTree = "<group>"; };
		F616A5E82CA98C4C00400B0A /* FamilyGuyBookUITestsLaunchTests.swift */ = {isa = PBXFileReference; lastKnownFileType = sourcecode.swift; path = FamilyGuyBookUITestsLaunchTests.swift; sourceTree = "<group>"; };
		F658BDC32CA9D5D100F26B9D /* detailsVC.swift */ = {isa = PBXFileReference; lastKnownFileType = sourcecode.swift; path = detailsVC.swift; sourceTree = "<group>"; };
		F658BDC52CA9E6BA00F26B9D /* familyGuy.swift */ = {isa = PBXFileReference; lastKnownFileType = sourcecode.swift; path = familyGuy.swift; sourceTree = "<group>"; };
/* End PBXFileReference section */

/* Begin PBXFrameworksBuildPhase section */
		F616A5BF2CA98C4900400B0A /* Frameworks */ = {
			isa = PBXFrameworksBuildPhase;
			buildActionMask = 2147483647;
			files = (
			);
			runOnlyForDeploymentPostprocessing = 0;
		};
		F616A5D52CA98C4C00400B0A /* Frameworks */ = {
			isa = PBXFrameworksBuildPhase;
			buildActionMask = 2147483647;
			files = (
			);
			runOnlyForDeploymentPostprocessing = 0;
		};
		F616A5DF2CA98C4C00400B0A /* Frameworks */ = {
			isa = PBXFrameworksBuildPhase;
			buildActionMask = 2147483647;
			files = (
			);
			runOnlyForDeploymentPostprocessing = 0;
		};
/* End PBXFrameworksBuildPhase section */

/* Begin PBXGroup section */
		F616A5B92CA98C4900400B0A = {
			isa = PBXGroup;
			children = (
				F616A5C42CA98C4900400B0A /* FamilyGuyBook */,
				F616A5DB2CA98C4C00400B0A /* FamilyGuyBookTests */,
				F616A5E52CA98C4C00400B0A /* FamilyGuyBookUITests */,
				F616A5C32CA98C4900400B0A /* Products */,
			);
			sourceTree = "<group>";
		};
		F616A5C32CA98C4900400B0A /* Products */ = {
			isa = PBXGroup;
			children = (
				F616A5C22CA98C4900400B0A /* FamilyGuyBook.app */,
				F616A5D82CA98C4C00400B0A /* FamilyGuyBookTests.xctest */,
				F616A5E22CA98C4C00400B0A /* FamilyGuyBookUITests.xctest */,
			);
			name = Products;
			sourceTree = "<group>";
		};
		F616A5C42CA98C4900400B0A /* FamilyGuyBook */ = {
			isa = PBXGroup;
			children = (
				F616A5C52CA98C4900400B0A /* AppDelegate.swift */,
				F616A5C72CA98C4900400B0A /* SceneDelegate.swift */,
				F616A5C92CA98C4900400B0A /* ViewController.swift */,
				F616A5CB2CA98C4900400B0A /* Main.storyboard */,
				F658BDC32CA9D5D100F26B9D /* detailsVC.swift */,
				F616A5CE2CA98C4B00400B0A /* Assets.xcassets */,
				F616A5D02CA98C4B00400B0A /* LaunchScreen.storyboard */,
				F616A5D32CA98C4B00400B0A /* Info.plist */,
				F658BDC52CA9E6BA00F26B9D /* familyGuy.swift */,
			);
			path = FamilyGuyBook;
			sourceTree = "<group>";
		};
		F616A5DB2CA98C4C00400B0A /* FamilyGuyBookTests */ = {
			isa = PBXGroup;
			children = (
				F616A5DC2CA98C4C00400B0A /* FamilyGuyBookTests.swift */,
			);
			path = FamilyGuyBookTests;
			sourceTree = "<group>";
		};
		F616A5E52CA98C4C00400B0A /* FamilyGuyBookUITests */ = {
			isa = PBXGroup;
			children = (
				F616A5E62CA98C4C00400B0A /* FamilyGuyBookUITests.swift */,
				F616A5E82CA98C4C00400B0A /* FamilyGuyBookUITestsLaunchTests.swift */,
			);
			path = FamilyGuyBookUITests;
			sourceTree = "<group>";
		};
/* End PBXGroup section */

/* Begin PBXNativeTarget section */
		F616A5C12CA98C4900400B0A /* FamilyGuyBook */ = {
			isa = PBXNativeTarget;
			buildConfigurationList = F616A5EC2CA98C4C00400B0A /* Build configuration list for PBXNativeTarget "FamilyGuyBook" */;
			buildPhases = (
				F616A5BE2CA98C4900400B0A /* Sources */,
				F616A5BF2CA98C4900400B0A /* Frameworks */,
				F616A5C02CA98C4900400B0A /* Resources */,
			);
			buildRules = (
			);
			dependencies = (
			);
			name = FamilyGuyBook;
			productName = FamilyGuyBook;
			productReference = F616A5C22CA98C4900400B0A /* FamilyGuyBook.app */;
			productType = "com.apple.product-type.application";
		};
		F616A5D72CA98C4C00400B0A /* FamilyGuyBookTests */ = {
			isa = PBXNativeTarget;
			buildConfigurationList = F616A5EF2CA98C4C00400B0A /* Build configuration list for PBXNativeTarget "FamilyGuyBookTests" */;
			buildPhases = (
				F616A5D42CA98C4C00400B0A /* Sources */,
				F616A5D52CA98C4C00400B0A /* Frameworks */,
				F616A5D62CA98C4C00400B0A /* Resources */,
			);
			buildRules = (
			);
			dependencies = (
				F616A5DA2CA98C4C00400B0A /* PBXTargetDependency */,
			);
			name = FamilyGuyBookTests;
			productName = FamilyGuyBookTests;
			productReference = F616A5D82CA98C4C00400B0A /* FamilyGuyBookTests.xctest */;
			productType = "com.apple.product-type.bundle.unit-test";
		};
		F616A5E12CA98C4C00400B0A /* FamilyGuyBookUITests */ = {
			isa = PBXNativeTarget;
			buildConfigurationList = F616A5F22CA98C4C00400B0A /* Build configuration list for PBXNativeTarget "FamilyGuyBookUITests" */;
			buildPhases = (
				F616A5DE2CA98C4C00400B0A /* Sources */,
				F616A5DF2CA98C4C00400B0A /* Frameworks */,
				F616A5E02CA98C4C00400B0A /* Resources */,
			);
			buildRules = (
			);
			dependencies = (
				F616A5E42CA98C4C00400B0A /* PBXTargetDependency */,
			);
			name = FamilyGuyBookUITests;
			productName = FamilyGuyBookUITests;
			productReference = F616A5E22CA98C4C00400B0A /* FamilyGuyBookUITests.xctest */;
			productType = "com.apple.product-type.bundle.ui-testing";
		};
/* End PBXNativeTarget section */

/* Begin PBXProject section */
		F616A5BA2CA98C4900400B0A /* Project object */ = {
			isa = PBXProject;
			attributes = {
				BuildIndependentTargetsInParallel = 1;
				LastSwiftUpdateCheck = 1600;
				LastUpgradeCheck = 1600;
				TargetAttributes = {
					F616A5C12CA98C4900400B0A = {
						CreatedOnToolsVersion = 16.0;
					};
					F616A5D72CA98C4C00400B0A = {
						CreatedOnToolsVersion = 16.0;
						TestTargetID = F616A5C12CA98C4900400B0A;
					};
					F616A5E12CA98C4C00400B0A = {
						CreatedOnToolsVersion = 16.0;
						TestTargetID = F616A5C12CA98C4900400B0A;
					};
				};
			};
			buildConfigurationList = F616A5BD2CA98C4900400B0A /* Build configuration list for PBXProject "FamilyGuyBook" */;
			compatibilityVersion = "Xcode 15.0";
			developmentRegion = en;
			hasScannedForEncodings = 0;
			knownRegions = (
				en,
				Base,
			);
			mainGroup = F616A5B92CA98C4900400B0A;
			productRefGroup = F616A5C32CA98C4900400B0A /* Products */;
			projectDirPath = "";
			projectRoot = "";
			targets = (
				F616A5C12CA98C4900400B0A /* FamilyGuyBook */,
				F616A5D72CA98C4C00400B0A /* FamilyGuyBookTests */,
				F616A5E12CA98C4C00400B0A /* FamilyGuyBookUITests */,
			);
		};
/* End PBXProject section */

/* Begin PBXResourcesBuildPhase section */
		F616A5C02CA98C4900400B0A /* Resources */ = {
			isa = PBXResourcesBuildPhase;
			buildActionMask = 2147483647;
			files = (
				F616A5CF2CA98C4B00400B0A /* Assets.xcassets in Resources */,
				F616A5D22CA98C4B00400B0A /* Base in Resources */,
				F616A5CD2CA98C4900400B0A /* Base in Resources */,
			);
			runOnlyForDeploymentPostprocessing = 0;
		};
		F616A5D62CA98C4C00400B0A /* Resources */ = {
			isa = PBXResourcesBuildPhase;
			buildActionMask = 2147483647;
			files = (
			);
			runOnlyForDeploymentPostprocessing = 0;
		};
		F616A5E02CA98C4C00400B0A /* Resources */ = {
			isa = PBXResourcesBuildPhase;
			buildActionMask = 2147483647;
			files = (
			);
			runOnlyForDeploymentPostprocessing = 0;
		};
/* End PBXResourcesBuildPhase section */

/* Begin PBXSourcesBuildPhase section */
		F616A5BE2CA98C4900400B0A /* Sources */ = {
			isa = PBXSourcesBuildPhase;
			buildActionMask = 2147483647;
			files = (
				F616A5CA2CA98C4900400B0A /* ViewController.swift in Sources */,
				F658BDC42CA9D5D100F26B9D /* detailsVC.swift in Sources */,
				F616A5C62CA98C4900400B0A /* AppDelegate.swift in Sources */,
				F616A5C82CA98C4900400B0A /* SceneDelegate.swift in Sources */,
				F658BDC62CA9E6BA00F26B9D /* familyGuy.swift in Sources */,
			);
			runOnlyForDeploymentPostprocessing = 0;
		};
		F616A5D42CA98C4C00400B0A /* Sources */ = {
			isa = PBXSourcesBuildPhase;
			buildActionMask = 2147483647;
			files = (
				F616A5DD2CA98C4C00400B0A /* FamilyGuyBookTests.swift in Sources */,
			);
			runOnlyForDeploymentPostprocessing = 0;
		};
		F616A5DE2CA98C4C00400B0A /* Sources */ = {
			isa = PBXSourcesBuildPhase;
			buildActionMask = 2147483647;
			files = (
				F616A5E72CA98C4C00400B0A /* FamilyGuyBookUITests.swift in Sources */,
				F616A5E92CA98C4C00400B0A /* FamilyGuyBookUITestsLaunchTests.swift in Sources */,
			);
			runOnlyForDeploymentPostprocessing = 0;
		};
/* End PBXSourcesBuildPhase section */

/* Begin PBXTargetDependency section */
		F616A5DA2CA98C4C00400B0A /* PBXTargetDependency */ = {
			isa = PBXTargetDependency;
			target = F616A5C12CA98C4900400B0A /* FamilyGuyBook */;
			targetProxy = F616A5D92CA98C4C00400B0A /* PBXContainerItemProxy */;
		};
		F616A5E42CA98C4C00400B0A /* PBXTargetDependency */ = {
			isa = PBXTargetDependency;
			target = F616A5C12CA98C4900400B0A /* FamilyGuyBook */;
			targetProxy = F616A5E32CA98C4C00400B0A /* PBXContainerItemProxy */;
		};
/* End PBXTargetDependency section */

/* Begin PBXVariantGroup section */
		F616A5CB2CA98C4900400B0A /* Main.storyboard */ = {
			isa = PBXVariantGroup;
			children = (
				F616A5CC2CA98C4900400B0A /* Base */,
			);
			name = Main.storyboard;
			sourceTree = "<group>";
		};
		F616A5D02CA98C4B00400B0A /* LaunchScreen.storyboard */ = {
			isa = PBXVariantGroup;
			children = (
				F616A5D12CA98C4B00400B0A /* Base */,
			);
			name = LaunchScreen.storyboard;
			sourceTree = "<group>";
		};
/* End PBXVariantGroup section */

/* Begin XCBuildConfiguration section */
		F616A5EA2CA98C4C00400B0A /* Debug */ = {
			isa = XCBuildConfiguration;
			buildSettings = {
				ALWAYS_SEARCH_USER_PATHS = NO;
				ASSETCATALOG_COMPILER_GENERATE_SWIFT_ASSET_SYMBOL_EXTENSIONS = YES;
				CLANG_ANALYZER_NONNULL = YES;
				CLANG_ANALYZER_NUMBER_OBJECT_CONVERSION = YES_AGGRESSIVE;
				CLANG_CXX_LANGUAGE_STANDARD = "gnu++20";
				CLANG_ENABLE_MODULES = YES;
				CLANG_ENABLE_OBJC_ARC = YES;
				CLANG_ENABLE_OBJC_WEAK = YES;
				CLANG_WARN_BLOCK_CAPTURE_AUTORELEASING = YES;
				CLANG_WARN_BOOL_CONVERSION = YES;
				CLANG_WARN_COMMA = YES;
				CLANG_WARN_CONSTANT_CONVERSION = YES;
				CLANG_WARN_DEPRECATED_OBJC_IMPLEMENTATIONS = YES;
				CLANG_WARN_DIRECT_OBJC_ISA_USAGE = YES_ERROR;
				CLANG_WARN_DOCUMENTATION_COMMENTS = YES;
				CLANG_WARN_EMPTY_BODY = YES;
				CLANG_WARN_ENUM_CONVERSION = YES;
				CLANG_WARN_INFINITE_RECURSION = YES;
				CLANG_WARN_INT_CONVERSION = YES;
				CLANG_WARN_NON_LITERAL_NULL_CONVERSION = YES;
				CLANG_WARN_OBJC_IMPLICIT_RETAIN_SELF = YES;
				CLANG_WARN_OBJC_LITERAL_CONVERSION = YES;
				CLANG_WARN_OBJC_ROOT_CLASS = YES_ERROR;
				CLANG_WARN_QUOTED_INCLUDE_IN_FRAMEWORK_HEADER = YES;
				CLANG_WARN_RANGE_LOOP_ANALYSIS = YES;
				CLANG_WARN_STRICT_PROTOTYPES = YES;
				CLANG_WARN_SUSPICIOUS_MOVE = YES;
				CLANG_WARN_UNGUARDED_AVAILABILITY = YES_AGGRESSIVE;
				CLANG_WARN_UNREACHABLE_CODE = YES;
				CLANG_WARN__DUPLICATE_METHOD_MATCH = YES;
				COPY_PHASE_STRIP = NO;
				DEBUG_INFORMATION_FORMAT = dwarf;
				ENABLE_STRICT_OBJC_MSGSEND = YES;
				ENABLE_TESTABILITY = YES;
				ENABLE_USER_SCRIPT_SANDBOXING = YES;
				GCC_C_LANGUAGE_STANDARD = gnu17;
				GCC_DYNAMIC_NO_PIC = NO;
				GCC_NO_COMMON_BLOCKS = YES;
				GCC_OPTIMIZATION_LEVEL = 0;
				GCC_PREPROCESSOR_DEFINITIONS = (
					"DEBUG=1",
					"$(inherited)",
				);
				GCC_WARN_64_TO_32_BIT_CONVERSION = YES;
				GCC_WARN_ABOUT_RETURN_TYPE = YES_ERROR;
				GCC_WARN_UNDECLARED_SELECTOR = YES;
				GCC_WARN_UNINITIALIZED_AUTOS = YES_AGGRESSIVE;
				GCC_WARN_UNUSED_FUNCTION = YES;
				GCC_WARN_UNUSED_VARIABLE = YES;
				IPHONEOS_DEPLOYMENT_TARGET = 18.0;
				LOCALIZATION_PREFERS_STRING_CATALOGS = YES;
				MTL_ENABLE_DEBUG_INFO = INCLUDE_SOURCE;
				MTL_FAST_MATH = YES;
				ONLY_ACTIVE_ARCH = YES;
				SDKROOT = iphoneos;
				SWIFT_ACTIVE_COMPILATION_CONDITIONS = "DEBUG $(inherited)";
				SWIFT_OPTIMIZATION_LEVEL = "-Onone";
			};
			name = Debug;
		};
		F616A5EB2CA98C4C00400B0A /* Release */ = {
			isa = XCBuildConfiguration;
			buildSettings = {
				ALWAYS_SEARCH_USER_PATHS = NO;
				ASSETCATALOG_COMPILER_GENERATE_SWIFT_ASSET_SYMBOL_EXTENSIONS = YES;
				CLANG_ANALYZER_NONNULL = YES;
				CLANG_ANALYZER_NUMBER_OBJECT_CONVERSION = YES_AGGRESSIVE;
				CLANG_CXX_LANGUAGE_STANDARD = "gnu++20";
				CLANG_ENABLE_MODULES = YES;
				CLANG_ENABLE_OBJC_ARC = YES;
				CLANG_ENABLE_OBJC_WEAK = YES;
				CLANG_WARN_BLOCK_CAPTURE_AUTORELEASING = YES;
				CLANG_WARN_BOOL_CONVERSION = YES;
				CLANG_WARN_COMMA = YES;
				CLANG_WARN_CONSTANT_CONVERSION = YES;
				CLANG_WARN_DEPRECATED_OBJC_IMPLEMENTATIONS = YES;
				CLANG_WARN_DIRECT_OBJC_ISA_USAGE = YES_ERROR;
				CLANG_WARN_DOCUMENTATION_COMMENTS = YES;
				CLANG_WARN_EMPTY_BODY = YES;
				CLANG_WARN_ENUM_CONVERSION = YES;
				CLANG_WARN_INFINITE_RECURSION = YES;
				CLANG_WARN_INT_CONVERSION = YES;
				CLANG_WARN_NON_LITERAL_NULL_CONVERSION = YES;
				CLANG_WARN_OBJC_IMPLICIT_RETAIN_SELF = YES;
				CLANG_WARN_OBJC_LITERAL_CONVERSION = YES;
				CLANG_WARN_OBJC_ROOT_CLASS = YES_ERROR;
				CLANG_WARN_QUOTED_INCLUDE_IN_FRAMEWORK_HEADER = YES;
				CLANG_WARN_RANGE_LOOP_ANALYSIS = YES;
				CLANG_WARN_STRICT_PROTOTYPES = YES;
				CLANG_WARN_SUSPICIOUS_MOVE = YES;
				CLANG_WARN_UNGUARDED_AVAILABILITY = YES_AGGRESSIVE;
				CLANG_WARN_UNREACHABLE_CODE = YES;
				CLANG_WARN__DUPLICATE_METHOD_MATCH = YES;
				COPY_PHASE_STRIP = NO;
				DEBUG_INFORMATION_FORMAT = "dwarf-with-dsym";
				ENABLE_NS_ASSERTIONS = NO;
				ENABLE_STRICT_OBJC_MSGSEND = YES;
				ENABLE_USER_SCRIPT_SANDBOXING = YES;
				GCC_C_LANGUAGE_STANDARD = gnu17;
				GCC_NO_COMMON_BLOCKS = YES;
				GCC_WARN_64_TO_32_BIT_CONVERSION = YES;
				GCC_WARN_ABOUT_RETURN_TYPE = YES_ERROR;
				GCC_WARN_UNDECLARED_SELECTOR = YES;
				GCC_WARN_UNINITIALIZED_AUTOS = YES_AGGRESSIVE;
				GCC_WARN_UNUSED_FUNCTION = YES;
				GCC_WARN_UNUSED_VARIABLE = YES;
				IPHONEOS_DEPLOYMENT_TARGET = 18.0;
				LOCALIZATION_PREFERS_STRING_CATALOGS = YES;
				MTL_ENABLE_DEBUG_INFO = NO;
				MTL_FAST_MATH = YES;
				SDKROOT = iphoneos;
				SWIFT_COMPILATION_MODE = wholemodule;
				VALIDATE_PRODUCT = YES;
			};
			name = Release;
		};
		F616A5ED2CA98C4C00400B0A /* Debug */ = {
			isa = XCBuildConfiguration;
			buildSettings = {
				ASSETCATALOG_COMPILER_APPICON_NAME = AppIcon;
				ASSETCATALOG_COMPILER_GLOBAL_ACCENT_COLOR_NAME = AccentColor;
				CODE_SIGN_STYLE = Automatic;
				CURRENT_PROJECT_VERSION = 1;
				DEVELOPMENT_TEAM = 3DKBT24WX9;
				GENERATE_INFOPLIST_FILE = YES;
				INFOPLIST_FILE = FamilyGuyBook/Info.plist;
				INFOPLIST_KEY_UIApplicationSupportsIndirectInputEvents = YES;
				INFOPLIST_KEY_UILaunchStoryboardName = LaunchScreen;
				INFOPLIST_KEY_UIMainStoryboardFile = Main;
				INFOPLIST_KEY_UISupportedInterfaceOrientations_iPad = "UIInterfaceOrientationPortrait UIInterfaceOrientationPortraitUpsideDown UIInterfaceOrientationLandscapeLeft UIInterfaceOrientationLandscapeRight";
				INFOPLIST_KEY_UISupportedInterfaceOrientations_iPhone = "UIInterfaceOrientationPortrait UIInterfaceOrientationLandscapeLeft UIInterfaceOrientationLandscapeRight";
				LD_RUNPATH_SEARCH_PATHS = (
					"$(inherited)",
					"@executable_path/Frameworks",
				);
				MARKETING_VERSION = 1.0;
				PRODUCT_BUNDLE_IDENTIFIER = com.habildemirci.FamilyGuyBook;
				PRODUCT_NAME = "$(TARGET_NAME)";
				SWIFT_EMIT_LOC_STRINGS = YES;
				SWIFT_VERSION = 5.0;
				TARGETED_DEVICE_FAMILY = "1,2";
			};
			name = Debug;
		};
		F616A5EE2CA98C4C00400B0A /* Release */ = {
			isa = XCBuildConfiguration;
			buildSettings = {
				ASSETCATALOG_COMPILER_APPICON_NAME = AppIcon;
				ASSETCATALOG_COMPILER_GLOBAL_ACCENT_COLOR_NAME = AccentColor;
				CODE_SIGN_STYLE = Automatic;
				CURRENT_PROJECT_VERSION = 1;
				DEVELOPMENT_TEAM = 3DKBT24WX9;
				GENERATE_INFOPLIST_FILE = YES;
				INFOPLIST_FILE = FamilyGuyBook/Info.plist;
				INFOPLIST_KEY_UIApplicationSupportsIndirectInputEvents = YES;
				INFOPLIST_KEY_UILaunchStoryboardName = LaunchScreen;
				INFOPLIST_KEY_UIMainStoryboardFile = Main;
				INFOPLIST_KEY_UISupportedInterfaceOrientations_iPad = "UIInterfaceOrientationPortrait UIInterfaceOrientationPortraitUpsideDown UIInterfaceOrientationLandscapeLeft UIInterfaceOrientationLandscapeRight";
				INFOPLIST_KEY_UISupportedInterfaceOrientations_iPhone = "UIInterfaceOrientationPortrait UIInterfaceOrientationLandscapeLeft UIInterfaceOrientationLandscapeRight";
				LD_RUNPATH_SEARCH_PATHS = (
					"$(inherited)",
					"@executable_path/Frameworks",
				);
				MARKETING_VERSION = 1.0;
				PRODUCT_BUNDLE_IDENTIFIER = com.habildemirci.FamilyGuyBook;
				PRODUCT_NAME = "$(TARGET_NAME)";
				SWIFT_EMIT_LOC_STRINGS = YES;
				SWIFT_VERSION = 5.0;
				TARGETED_DEVICE_FAMILY = "1,2";
			};
			name = Release;
		};
		F616A5F02CA98C4C00400B0A /* Debug */ = {
			isa = XCBuildConfiguration;
			buildSettings = {
				BUNDLE_LOADER = "$(TEST_HOST)";
				CODE_SIGN_STYLE = Automatic;
				CURRENT_PROJECT_VERSION = 1;
				DEVELOPMENT_TEAM = 3DKBT24WX9;
				GENERATE_INFOPLIST_FILE = YES;
				IPHONEOS_DEPLOYMENT_TARGET = 18.0;
				MARKETING_VERSION = 1.0;
				PRODUCT_BUNDLE_IDENTIFIER = com.habildemirci.FamilyGuyBookTests;
				PRODUCT_NAME = "$(TARGET_NAME)";
				SWIFT_EMIT_LOC_STRINGS = NO;
				SWIFT_VERSION = 5.0;
				TARGETED_DEVICE_FAMILY = "1,2";
				TEST_HOST = "$(BUILT_PRODUCTS_DIR)/FamilyGuyBook.app/$(BUNDLE_EXECUTABLE_FOLDER_PATH)/FamilyGuyBook";
			};
			name = Debug;
		};
		F616A5F12CA98C4C00400B0A /* Release */ = {
			isa = XCBuildConfiguration;
			buildSettings = {
				BUNDLE_LOADER = "$(TEST_HOST)";
				CODE_SIGN_STYLE = Automatic;
				CURRENT_PROJECT_VERSION = 1;
				DEVELOPMENT_TEAM = 3DKBT24WX9;
				GENERATE_INFOPLIST_FILE = YES;
				IPHONEOS_DEPLOYMENT_TARGET = 18.0;
				MARKETING_VERSION = 1.0;
				PRODUCT_BUNDLE_IDENTIFIER = com.habildemirci.FamilyGuyBookTests;
				PRODUCT_NAME = "$(TARGET_NAME)";
				SWIFT_EMIT_LOC_STRINGS = NO;
				SWIFT_VERSION = 5.0;
				TARGETED_DEVICE_FAMILY = "1,2";
				TEST_HOST = "$(BUILT_PRODUCTS_DIR)/FamilyGuyBook.app/$(BUNDLE_EXECUTABLE_FOLDER_PATH)/FamilyGuyBook";
			};
			name = Release;
		};
		F616A5F32CA98C4C00400B0A /* Debug */ = {
			isa = XCBuildConfiguration;
			buildSettings = {
				CODE_SIGN_STYLE = Automatic;
				CURRENT_PROJECT_VERSION = 1;
				DEVELOPMENT_TEAM = 3DKBT24WX9;
				GENERATE_INFOPLIST_FILE = YES;
				MARKETING_VERSION = 1.0;
				PRODUCT_BUNDLE_IDENTIFIER = com.habildemirci.FamilyGuyBookUITests;
				PRODUCT_NAME = "$(TARGET_NAME)";
				SWIFT_EMIT_LOC_STRINGS = NO;
				SWIFT_VERSION = 5.0;
				TARGETED_DEVICE_FAMILY = "1,2";
				TEST_TARGET_NAME = FamilyGuyBook;
			};
			name = Debug;
		};
		F616A5F42CA98C4C00400B0A /* Release */ = {
			isa = XCBuildConfiguration;
			buildSettings = {
				CODE_SIGN_STYLE = Automatic;
				CURRENT_PROJECT_VERSION = 1;
				DEVELOPMENT_TEAM = 3DKBT24WX9;
				GENERATE_INFOPLIST_FILE = YES;
				MARKETING_VERSION = 1.0;
				PRODUCT_BUNDLE_IDENTIFIER = com.habildemirci.FamilyGuyBookUITests;
				PRODUCT_NAME = "$(TARGET_NAME)";
				SWIFT_EMIT_LOC_STRINGS = NO;
				SWIFT_VERSION = 5.0;
				TARGETED_DEVICE_FAMILY = "1,2";
				TEST_TARGET_NAME = FamilyGuyBook;
			};
			name = Release;
		};
/* End XCBuildConfiguration section */

/* Begin XCConfigurationList section */
		F616A5BD2CA98C4900400B0A /* Build configuration list for PBXProject "FamilyGuyBook" */ = {
			isa = XCConfigurationList;
			buildConfigurations = (
				F616A5EA2CA98C4C00400B0A /* Debug */,
				F616A5EB2CA98C4C00400B0A /* Release */,
			);
			defaultConfigurationIsVisible = 0;
			defaultConfigurationName = Release;
		};
		F616A5EC2CA98C4C00400B0A /* Build configuration list for PBXNativeTarget "FamilyGuyBook" */ = {
			isa = XCConfigurationList;
			buildConfigurations = (
				F616A5ED2CA98C4C00400B0A /* Debug */,
				F616A5EE2CA98C4C00400B0A /* Release */,
			);
			defaultConfigurationIsVisible = 0;
			defaultConfigurationName = Release;
		};
		F616A5EF2CA98C4C00400B0A /* Build configuration list for PBXNativeTarget "FamilyGuyBookTests" */ = {
			isa = XCConfigurationList;
			buildConfigurations = (
				F616A5F02CA98C4C00400B0A /* Debug */,
				F616A5F12CA98C4C00400B0A /* Release */,
			);
			defaultConfigurationIsVisible = 0;
			defaultConfigurationName = Release;
		};
		F616A5F22CA98C4C00400B0A /* Build configuration list for PBXNativeTarget "FamilyGuyBookUITests" */ = {
			isa = XCConfigurationList;
			buildConfigurations = (
				F616A5F32CA98C4C00400B0A /* Debug */,
				F616A5F42CA98C4C00400B0A /* Release */,
			);
			defaultConfigurationIsVisible = 0;
			defaultConfigurationName = Release;
		};
/* End XCConfigurationList section */
	};
	rootObject = F616A5BA2CA98C4900400B0A /* Project object */;
}
